# This file is autogenerated, do not edit; changes may be undone by the next 'dep ensure'.


[[projects]]
  branch = "master"
  name = "github.com/Grafeas/client-go"
  packages = ["v1alpha1"]
  revision = "d30b35402e7c6dfc9427d967ce12af59683e206a"

[[projects]]
  name = "github.com/go-resty/resty"
  packages = ["."]
  revision = "9ac9c42358f7c3c69ac9f8610e8790d7c338e85d"
  version = "v1.0"

[[projects]]
  name = "github.com/gogo/protobuf"
  packages = ["proto","sortkeys"]
  revision = "342cbe0a04158f6dcb03ca0079991a51a4248c02"
  version = "v0.5"

[[projects]]
  branch = "master"
  name = "github.com/golang/glog"
  packages = ["."]
  revision = "23def4e6c14b4da8ac2ed8007337bc5eb5007998"

[[projects]]
  branch = "master"
  name = "github.com/google/gofuzz"
  packages = ["."]
  revision = "24818f796faf91cd76ec7bddd72458fbced7a6c1"

[[projects]]
  name = "github.com/spf13/pflag"
  packages = ["."]
  revision = "e57e3eeb33f795204c1ca35f56c44f83227c6e66"
  version = "v1.0.0"

[[projects]]
  branch = "master"
  name = "golang.org/x/crypto"
  packages = ["cast5","openpgp","openpgp/armor","openpgp/clearsign","openpgp/elgamal","openpgp/errors","openpgp/packet","openpgp/s2k"]
  revision = "3d37316aaa6bd9929127ac9a527abf408178ea7b"

[[projects]]
  branch = "master"
  name = "golang.org/x/net"
  packages = ["http2","http2/hpack","idna","lex/httplex","publicsuffix"]
  revision = "5ccada7d0a7ba9aeb5d3aca8d3501b4c2a509fec"

[[projects]]
  branch = "master"
  name = "golang.org/x/text"
  packages = ["collate","collate/build","internal/colltab","internal/gen","internal/tag","internal/triegen","internal/ucd","language","secure/bidirule","transform","unicode/bidi","unicode/cldr","unicode/norm","unicode/rangetable"]
  revision = "e19ae1496984b1c655b8044a65c0300a3c878dd3"

[[projects]]
  name = "gopkg.in/inf.v0"
  packages = ["."]
  revision = "3887ee99ecf07df5b447e9b00d9c0b2adaa9f3e4"
  version = "v0.9.0"

[[projects]]
  branch = "master"
  name = "k8s.io/api"
  packages = ["admission/v1beta1","authentication/v1","core/v1"]
  revision = "fbe336854453ac8e27bffe14e1964555245cbd05"

[[projects]]
  branch = "master"
  name = "k8s.io/apimachinery"
  packages = ["pkg/api/resource","pkg/apis/meta/v1","pkg/conversion","pkg/conversion/queryparams","pkg/fields","pkg/labels","pkg/runtime","pkg/runtime/schema","pkg/selection","pkg/types","pkg/util/errors","pkg/util/intstr","pkg/util/json","pkg/util/net","pkg/util/runtime","pkg/util/sets","pkg/util/validation","pkg/util/validation/field","pkg/util/wait","pkg/watch","third_party/forked/golang/reflect"]
  revision = "2f1e02d3e57b8fb5206c5326bcb65217edc63a8e"

[solve-meta]
  analyzer-name = "dep"
  analyzer-version = 1
  inputs-digest = "c7019b9642150f3572cd4fe23dc1e015e9a08e77988470f64d46e57d3ea531b6"
  solver-name = "gps-cdcl"
  solver-version = 1
